<?xml version="1.0" encoding="utf-8"?>
<Project ToolsVersion="4.0" xmlns="http://schemas.microsoft.com/developer/msbuild/2003">
  <ItemGroup>
    <Filter Include="源文件">
      <UniqueIdentifier>{4FC737F1-C7A5-4376-A066-2A32D752A2FF}</UniqueIdentifier>
      <Extensions>cpp;c;cc;cxx;def;odl;idl;hpj;bat;asm;asmx</Extensions>
    </Filter>
    <Filter Include="头文件">
      <UniqueIdentifier>{93995380-89BD-4b04-88EB-625FBE52EBFB}</UniqueIdentifier>
      <Extensions>h;hh;hpp;hxx;hm;inl;inc;xsd</Extensions>
    </Filter>
    <Filter Include="资源文件">
      <UniqueIdentifier>{67DA6AB6-F800-4c08-8B7A-83BB121AAD01}</UniqueIdentifier>
      <Extensions>rc;ico;cur;bmp;dlg;rc2;rct;bin;rgs;gif;jpg;jpeg;jpe;resx;tiff;tif;png;wav;mfcribbon-ms</Extensions>
    </Filter>
  </ItemGroup>
  <ItemGroup>
    <Text Include="ReadMe.txt" />
  </ItemGroup>
  <ItemGroup>
    <ClInclude Include="stdafx.h">
      <Filter>头文件</Filter>
    </ClInclude>
    <ClInclude Include="targetver.h">
      <Filter>头文件</Filter>
    </ClInclude>
    <ClInclude Include="sm2.h">
      <Filter>源文件</Filter>
    </ClInclude>
    <ClInclude Include="sm3.h">
      <Filter>源文件</Filter>
    </ClInclude>
    <ClInclude Include="types.h">
      <Filter>源文件</Filter>
    </ClInclude>
    <ClInclude Include="bn.h">
      <Filter>源文件</Filter>
    </ClInclude>
    <ClInclude Include="config.h">
      <Filter>源文件</Filter>
    </ClInclude>
    <ClInclude Include="curve.h">
      <Filter>源文件</Filter>
    </ClInclude>
    <ClInclude Include="ecc.h">
      <Filter>源文件</Filter>
    </ClInclude>
    <ClInclude Include="ecp.h">
      <Filter>源文件</Filter>
    </ClInclude>
    <ClInclude Include="libsm.h">
      <Filter>源文件</Filter>
    </ClInclude>
    <ClInclude Include="sms4.h">
      <Filter>源文件</Filter>
    </ClInclude>
  </ItemGroup>
  <ItemGroup>
    <ClCompile Include="stdafx.cpp">
      <Filter>源文件</Filter>
    </ClCompile>
    <ClCompile Include="skf_jw_sanity_test.cpp">
      <Filter>源文件</Filter>
    </ClCompile>
    <ClCompile Include="sm2.c">
      <Filter>源文件</Filter>
    </ClCompile>
    <ClCompile Include="sm3.c">
      <Filter>源文件</Filter>
    </ClCompile>
    <ClCompile Include="bn.c">
      <Filter>源文件</Filter>
    </ClCompile>
    <ClCompile Include="ecc.c">
      <Filter>源文件</Filter>
    </ClCompile>
    <ClCompile Include="ecp.c">
      <Filter>源文件</Filter>
    </ClCompile>
    <ClCompile Include="libsm.cpp">
      <Filter>源文件</Filter>
    </ClCompile>
    <ClCompile Include="sms4_common.c">
      <Filter>源文件</Filter>
    </ClCompile>
    <ClCompile Include="sms4_ecb.c">
      <Filter>源文件</Filter>
    </ClCompile>
    <ClCompile Include="sms4_enc.c">
      <Filter>源文件</Filter>
    </ClCompile>
    <ClCompile Include="sms4_enc_nblks.c">
      <Filter>源文件</Filter>
    </ClCompile>
    <ClCompile Include="sms4_setkey.c">
      <Filter>源文件</Filter>
    </ClCompile>
  </ItemGroup>
</Project>